
Microsoft Visual Studio Solution File, Format Version 12.00
# Visual Studio Version 16
VisualStudioVersion = 16.0.31112.23
MinimumVisualStudioVersion = 10.0.40219.1
Project("{FAE04EC0-301F-11D3-BF4B-00C04F79EFBC}") = "ThemidaStringDecryptor", "ThemidaStringDecryptor\ThemidaStringDecryptor.csproj", "{51447483-4ED7-4BF8-A584-6AF40CAD74F2}"
EndProject
Global
	GlobalSection(SolutionConfigurationPlatforms) = preSolution
		Debug|Any CPU = Debug|Any CPU
		Release|Any CPU = Release|Any CPU
	EndGlobalSection
	GlobalSection(ProjectConfigurationPlatforms) = postSolution
		{51447483-4ED7-4BF8-A584-6AF40CAD74F2}.Debug|Any CPU.ActiveCfg = Debug|Any CPU
		{51447483-4ED7-4BF8-A584-6AF40CAD74F2}.Debug|Any CPU.Build.0 = Debug|Any CPU
		{51447483-4ED7-4BF8-A584-6AF40CAD74F2}.Release|Any CPU.ActiveCfg = Release|Any CPU
		{51447483-4ED7-4BF8-A584-6AF40CAD74F2}.Release|Any CPU.Build.0 = Release|Any CPU
	EndGlobalSection
	GlobalSection(SolutionProperties) = preSolution
		HideSolutionNode = FALSE
	EndGlobalSection
	GlobalSection(ExtensibilityGlobals) = postSolution
		SolutionGuid = {4CA715F4-E50C-4E51-BECB-223E0C787E2C}
	EndGlobalSection
EndGlobal
